
Microsoft Visual Studio Solution File, Format Version 12.00
# Visual Studio Version 17
VisualStudioVersion = 17.11.35327.3
MinimumVisualStudioVersion = 10.0.40219.1
Project("{9A19103F-16F7-4668-BE54-9A1E7A4F7556}") = "WFInicial", "WFInicial\WFInicial.csproj", "{F43F2241-EC13-4516-9D1A-962431B6FC0B}"
EndProject
Project("{9A19103F-16F7-4668-BE54-9A1E7A4F7556}") = "CEX1", "ConsoleRevisaoAula\CEX1.csproj", "{10DFFDA4-3B34-4EA4-B445-4BDB027AE437}"
EndProject
Project("{9A19103F-16F7-4668-BE54-9A1E7A4F7556}") = "CEX2", "CEX2\CEX2.csproj", "{ED17EA93-47DD-47C8-A378-7ACAE120CF4D}"
EndProject
Project("{9A19103F-16F7-4668-BE54-9A1E7A4F7556}") = "CEX3", "CEX3\CEX3.csproj", "{850BB1B8-71AB-4AC7-B5CD-72B66EE7D32E}"
EndProject
Project("{FAE04EC0-301F-11D3-BF4B-00C04F79EFBC}") = "CEX4", "EX04\CEX4.csproj", "{8FBDBDB5-6C4A-44EC-9175-11DAA77A02FF}"
EndProject
Project("{FAE04EC0-301F-11D3-BF4B-00C04F79EFBC}") = "CEX5", "CEX5\CEX5.csproj", "{7FE74A31-F145-4D63-8FCD-93F7784B2B2C}"
EndProject
Project("{FAE04EC0-301F-11D3-BF4B-00C04F79EFBC}") = "CEX6", "CEX6\CEX6.csproj", "{B30DE8DF-0B16-4945-B5D1-78C5BDF2A18D}"
EndProject
Project("{FAE04EC0-301F-11D3-BF4B-00C04F79EFBC}") = "CEX7", "CEX7\CEX7.csproj", "{44920E63-9481-45A6-B4BE-243D75CEB7DD}"
EndProject
Project("{FAE04EC0-301F-11D3-BF4B-00C04F79EFBC}") = "CEX8", "CEX8\CEX8.csproj", "{E039B4A9-0080-4FAC-B28F-5E664F4AAD93}"
EndProject
Project("{FAE04EC0-301F-11D3-BF4B-00C04F79EFBC}") = "CEX9", "CEX9\CEX9.csproj", "{0769F6B4-7723-405A-9583-7C9D50F85D34}"
EndProject
Project("{FAE04EC0-301F-11D3-BF4B-00C04F79EFBC}") = "CEX10", "CEX10\CEX10.csproj", "{A6ED9273-A1B3-4CF2-8D83-7E3822E0B244}"
EndProject
Global
	GlobalSection(SolutionConfigurationPlatforms) = preSolution
		Debug|Any CPU = Debug|Any CPU
		Release|Any CPU = Release|Any CPU
	EndGlobalSection
	GlobalSection(ProjectConfigurationPlatforms) = postSolution
		{F43F2241-EC13-4516-9D1A-962431B6FC0B}.Debug|Any CPU.ActiveCfg = Debug|Any CPU
		{F43F2241-EC13-4516-9D1A-962431B6FC0B}.Debug|Any CPU.Build.0 = Debug|Any CPU
		{F43F2241-EC13-4516-9D1A-962431B6FC0B}.Release|Any CPU.ActiveCfg = Release|Any CPU
		{F43F2241-EC13-4516-9D1A-962431B6FC0B}.Release|Any CPU.Build.0 = Release|Any CPU
		{10DFFDA4-3B34-4EA4-B445-4BDB027AE437}.Debug|Any CPU.ActiveCfg = Debug|Any CPU
		{10DFFDA4-3B34-4EA4-B445-4BDB027AE437}.Debug|Any CPU.Build.0 = Debug|Any CPU
		{10DFFDA4-3B34-4EA4-B445-4BDB027AE437}.Release|Any CPU.ActiveCfg = Release|Any CPU
		{10DFFDA4-3B34-4EA4-B445-4BDB027AE437}.Release|Any CPU.Build.0 = Release|Any CPU
		{ED17EA93-47DD-47C8-A378-7ACAE120CF4D}.Debug|Any CPU.ActiveCfg = Debug|Any CPU
		{ED17EA93-47DD-47C8-A378-7ACAE120CF4D}.Debug|Any CPU.Build.0 = Debug|Any CPU
		{ED17EA93-47DD-47C8-A378-7ACAE120CF4D}.Release|Any CPU.ActiveCfg = Release|Any CPU
		{ED17EA93-47DD-47C8-A378-7ACAE120CF4D}.Release|Any CPU.Build.0 = Release|Any CPU
		{850BB1B8-71AB-4AC7-B5CD-72B66EE7D32E}.Debug|Any CPU.ActiveCfg = Debug|Any CPU
		{850BB1B8-71AB-4AC7-B5CD-72B66EE7D32E}.Debug|Any CPU.Build.0 = Debug|Any CPU
		{850BB1B8-71AB-4AC7-B5CD-72B66EE7D32E}.Release|Any CPU.ActiveCfg = Release|Any CPU
		{850BB1B8-71AB-4AC7-B5CD-72B66EE7D32E}.Release|Any CPU.Build.0 = Release|Any CPU
		{8FBDBDB5-6C4A-44EC-9175-11DAA77A02FF}.Debug|Any CPU.ActiveCfg = Debug|Any CPU
		{8FBDBDB5-6C4A-44EC-9175-11DAA77A02FF}.Debug|Any CPU.Build.0 = Debug|Any CPU
		{8FBDBDB5-6C4A-44EC-9175-11DAA77A02FF}.Release|Any CPU.ActiveCfg = Release|Any CPU
		{8FBDBDB5-6C4A-44EC-9175-11DAA77A02FF}.Release|Any CPU.Build.0 = Release|Any CPU
		{7FE74A31-F145-4D63-8FCD-93F7784B2B2C}.Debug|Any CPU.ActiveCfg = Debug|Any CPU
		{7FE74A31-F145-4D63-8FCD-93F7784B2B2C}.Debug|Any CPU.Build.0 = Debug|Any CPU
		{7FE74A31-F145-4D63-8FCD-93F7784B2B2C}.Release|Any CPU.ActiveCfg = Release|Any CPU
		{7FE74A31-F145-4D63-8FCD-93F7784B2B2C}.Release|Any CPU.Build.0 = Release|Any CPU
		{B30DE8DF-0B16-4945-B5D1-78C5BDF2A18D}.Debug|Any CPU.ActiveCfg = Debug|Any CPU
		{B30DE8DF-0B16-4945-B5D1-78C5BDF2A18D}.Debug|Any CPU.Build.0 = Debug|Any CPU
		{B30DE8DF-0B16-4945-B5D1-78C5BDF2A18D}.Release|Any CPU.ActiveCfg = Release|Any CPU
		{B30DE8DF-0B16-4945-B5D1-78C5BDF2A18D}.Release|Any CPU.Build.0 = Release|Any CPU
		{44920E63-9481-45A6-B4BE-243D75CEB7DD}.Debug|Any CPU.ActiveCfg = Debug|Any CPU
		{44920E63-9481-45A6-B4BE-243D75CEB7DD}.Debug|Any CPU.Build.0 = Debug|Any CPU
		{44920E63-9481-45A6-B4BE-243D75CEB7DD}.Release|Any CPU.ActiveCfg = Release|Any CPU
		{44920E63-9481-45A6-B4BE-243D75CEB7DD}.Release|Any CPU.Build.0 = Release|Any CPU
		{E039B4A9-0080-4FAC-B28F-5E664F4AAD93}.Debug|Any CPU.ActiveCfg = Debug|Any CPU
		{E039B4A9-0080-4FAC-B28F-5E664F4AAD93}.Debug|Any CPU.Build.0 = Debug|Any CPU
		{E039B4A9-0080-4FAC-B28F-5E664F4AAD93}.Release|Any CPU.ActiveCfg = Release|Any CPU
		{E039B4A9-0080-4FAC-B28F-5E664F4AAD93}.Release|Any CPU.Build.0 = Release|Any CPU
		{0769F6B4-7723-405A-9583-7C9D50F85D34}.Debug|Any CPU.ActiveCfg = Debug|Any CPU
		{0769F6B4-7723-405A-9583-7C9D50F85D34}.Debug|Any CPU.Build.0 = Debug|Any CPU
		{0769F6B4-7723-405A-9583-7C9D50F85D34}.Release|Any CPU.ActiveCfg = Release|Any CPU
		{0769F6B4-7723-405A-9583-7C9D50F85D34}.Release|Any CPU.Build.0 = Release|Any CPU
		{A6ED9273-A1B3-4CF2-8D83-7E3822E0B244}.Debug|Any CPU.ActiveCfg = Debug|Any CPU
		{A6ED9273-A1B3-4CF2-8D83-7E3822E0B244}.Debug|Any CPU.Build.0 = Debug|Any CPU
		{A6ED9273-A1B3-4CF2-8D83-7E3822E0B244}.Release|Any CPU.ActiveCfg = Release|Any CPU
		{A6ED9273-A1B3-4CF2-8D83-7E3822E0B244}.Release|Any CPU.Build.0 = Release|Any CPU
	EndGlobalSection
	GlobalSection(SolutionProperties) = preSolution
		HideSolutionNode = FALSE
	EndGlobalSection
	GlobalSection(ExtensibilityGlobals) = postSolution
		SolutionGuid = {2FCDFB91-7E4F-444B-949A-86923AC1BBC1}
	EndGlobalSection
EndGlobal
